
Microsoft Visual Studio Solution File, Format Version 12.00
# Visual Studio Version 16
VisualStudioVersion = 16.0.28803.156
MinimumVisualStudioVersion = 10.0.40219.1
Project("{FAE04EC0-301F-11D3-BF4B-00C04F79EFBC}") = "GestionHostalElZorzal", "GestionHostalElZorzal\GestionHostalElZorzal.csproj", "{87B33DD4-CF2C-400C-93E4-980A0319262E}"
EndProject
Global
	GlobalSection(SolutionConfigurationPlatforms) = preSolution
		Debug|Any CPU = Debug|Any CPU
		Release|Any CPU = Release|Any CPU
	EndGlobalSection
	GlobalSection(ProjectConfigurationPlatforms) = postSolution
		{87B33DD4-CF2C-400C-93E4-980A0319262E}.Debug|Any CPU.ActiveCfg = Debug|Any CPU
		{87B33DD4-CF2C-400C-93E4-980A0319262E}.Debug|Any CPU.Build.0 = Debug|Any CPU
		{87B33DD4-CF2C-400C-93E4-980A0319262E}.Release|Any CPU.ActiveCfg = Release|Any CPU
		{87B33DD4-CF2C-400C-93E4-980A0319262E}.Release|Any CPU.Build.0 = Release|Any CPU
	EndGlobalSection
	GlobalSection(SolutionProperties) = preSolution
		HideSolutionNode = FALSE
	EndGlobalSection
	GlobalSection(ExtensibilityGlobals) = postSolution
		SolutionGuid = {F0226430-3676-4D62-B8B5-23D4C9B49D89}
	EndGlobalSection
EndGlobal
